
Microsoft Visual Studio Solution File, Format Version 12.00
# Visual Studio 15
VisualStudioVersion = 15.0.28010.2016
MinimumVisualStudioVersion = 10.0.40219.1
Project("{FAE04EC0-301F-11D3-BF4B-00C04F79EFBC}") = "ConfigurationSample", "ConfigurationSample\ConfigurationSample.csproj", "{438156CB-C25F-4CA7-AE61-3F28436CBC7F}"
EndProject
Global
	GlobalSection(SolutionConfigurationPlatforms) = preSolution
		Debug|Any CPU = Debug|Any CPU
		Release|Any CPU = Release|Any CPU
	EndGlobalSection
	GlobalSection(ProjectConfigurationPlatforms) = postSolution
		{438156CB-C25F-4CA7-AE61-3F28436CBC7F}.Debug|Any CPU.ActiveCfg = Debug|Any CPU
		{438156CB-C25F-4CA7-AE61-3F28436CBC7F}.Debug|Any CPU.Build.0 = Debug|Any CPU
		{438156CB-C25F-4CA7-AE61-3F28436CBC7F}.Release|Any CPU.ActiveCfg = Release|Any CPU
		{438156CB-C25F-4CA7-AE61-3F28436CBC7F}.Release|Any CPU.Build.0 = Release|Any CPU
	EndGlobalSection
	GlobalSection(SolutionProperties) = preSolution
		HideSolutionNode = FALSE
	EndGlobalSection
	GlobalSection(ExtensibilityGlobals) = postSolution
		SolutionGuid = {30B2652A-1FA1-4934-945C-DA71CF346739}
	EndGlobalSection
EndGlobal
