
Microsoft Visual Studio Solution File, Format Version 12.00
# Visual Studio 15
VisualStudioVersion = 15.0.28010.2016
MinimumVisualStudioVersion = 10.0.40219.1
Project("{FAE04EC0-301F-11D3-BF4B-00C04F79EFBC}") = "ChatServer", "ChatServer\ChatServer.csproj", "{F34CE89F-3183-4EC8-9F27-F0FF6B57D216}"
EndProject
Global
	GlobalSection(SolutionConfigurationPlatforms) = preSolution
		Debug|Any CPU = Debug|Any CPU
		Release|Any CPU = Release|Any CPU
	EndGlobalSection
	GlobalSection(ProjectConfigurationPlatforms) = postSolution
		{F34CE89F-3183-4EC8-9F27-F0FF6B57D216}.Debug|Any CPU.ActiveCfg = Debug|Any CPU
		{F34CE89F-3183-4EC8-9F27-F0FF6B57D216}.Debug|Any CPU.Build.0 = Debug|Any CPU
		{F34CE89F-3183-4EC8-9F27-F0FF6B57D216}.Release|Any CPU.ActiveCfg = Release|Any CPU
		{F34CE89F-3183-4EC8-9F27-F0FF6B57D216}.Release|Any CPU.Build.0 = Release|Any CPU
	EndGlobalSection
	GlobalSection(SolutionProperties) = preSolution
		HideSolutionNode = FALSE
	EndGlobalSection
	GlobalSection(ExtensibilityGlobals) = postSolution
		SolutionGuid = {EE976C67-32D8-4E90-A2AC-942A30C0A74A}
	EndGlobalSection
EndGlobal
